# This file is automatically @generated by Cargo.
# It is not intended for manual editing.
version = 3

[[package]]
name = "day01"
version = "0.1.0"
dependencies = [
 "memmap2",
]

[[package]]
name = "libc"
version = "0.2.108"
source = "registry+https://github.com/rust-lang/crates.io-index"
checksum = "8521a1b57e76b1ec69af7599e75e38e7b7fad6610f037db8c79b127201b5d119"

[[package]]
name = "memmap2"
version = "0.5.0"
source = "registry+https://github.com/rust-lang/crates.io-index"
checksum = "4647a11b578fead29cdbb34d4adef8dd3dc35b876c9c6d5240d83f205abfe96e"
dependencies = [
 "libc",
]
